// !$*UTF8*$!
{
	archiveVersion = 1;
	classes = {
	};
	objectVersion = 55;
	objects = {

/* Begin PBXBuildFile section */
		FEF7E4D72751408000287473 /* AppDelegate.swift in Sources */ = {isa = PBXBuildFile; fileRef = FEF7E4D62751408000287473 /* AppDelegate.swift */; };
		FEF7E4D92751408000287473 /* SceneDelegate.swift in Sources */ = {isa = PBXBuildFile; fileRef = FEF7E4D82751408000287473 /* SceneDelegate.swift */; };
		FEF7E4DB2751408000287473 /* ViewController.swift in Sources */ = {isa = PBXBuildFile; fileRef = FEF7E4DA2751408000287473 /* ViewController.swift */; };
		FEF7E4DE2751408000287473 /* Main.storyboard in Resources */ = {isa = PBXBuildFile; fileRef = FEF7E4DC2751408000287473 /* Main.storyboard */; };
		FEF7E4E02751408100287473 /* Assets.xcassets in Resources */ = {isa = PBXBuildFile; fileRef = FEF7E4DF2751408100287473 /* Assets.xcassets */; };
		FEF7E4E32751408100287473 /* LaunchScreen.storyboard in Resources */ = {isa = PBXBuildFile; fileRef = FEF7E4E12751408100287473 /* LaunchScreen.storyboard */; };
		FEF7E4EE2751408100287473 /* toDoTests.swift in Sources */ = {isa = PBXBuildFile; fileRef = FEF7E4ED2751408100287473 /* toDoTests.swift */; };
		FEF7E4F82751408100287473 /* toDoUITests.swift in Sources */ = {isa = PBXBuildFile; fileRef = FEF7E4F72751408100287473 /* toDoUITests.swift */; };
		FEF7E4FA2751408100287473 /* toDoUITestsLaunchTests.swift in Sources */ = {isa = PBXBuildFile; fileRef = FEF7E4F92751408100287473 /* toDoUITestsLaunchTests.swift */; };
/* End PBXBuildFile section */

/* Begin PBXContainerItemProxy section */
		FEF7E4EA2751408100287473 /* PBXContainerItemProxy */ = {
			isa = PBXContainerItemProxy;
			containerPortal = FEF7E4CB2751408000287473 /* Project object */;
			proxyType = 1;
			remoteGlobalIDString = FEF7E4D22751408000287473;
			remoteInfo = toDo;
		};
		FEF7E4F42751408100287473 /* PBXContainerItemProxy */ = {
			isa = PBXContainerItemProxy;
			containerPortal = FEF7E4CB2751408000287473 /* Project object */;
			proxyType = 1;
			remoteGlobalIDString = FEF7E4D22751408000287473;
			remoteInfo = toDo;
		};
/* End PBXContainerItemProxy section */

/* Begin PBXFileReference section */
		FEF7E4D32751408000287473 /* toDo.app */ = {isa = PBXFileReference; explicitFileType = wrapper.application; includeInIndex = 0; path = toDo.app; sourceTree = BUILT_PRODUCTS_DIR; };
		FEF7E4D62751408000287473 /* AppDelegate.swift */ = {isa = PBXFileReference; lastKnownFileType = sourcecode.swift; path = AppDelegate.swift; sourceTree = "<group>"; };
		FEF7E4D82751408000287473 /* SceneDelegate.swift */ = {isa = PBXFileReference; lastKnownFileType = sourcecode.swift; path = SceneDelegate.swift; sourceTree = "<group>"; };
		FEF7E4DA2751408000287473 /* ViewController.swift */ = {isa = PBXFileReference; lastKnownFileType = sourcecode.swift; path = ViewController.swift; sourceTree = "<group>"; };
		FEF7E4DD2751408000287473 /* Base */ = {isa = PBXFileReference; lastKnownFileType = file.storyboard; name = Base; path = Base.lproj/Main.storyboard; sourceTree = "<group>"; };
		FEF7E4DF2751408100287473 /* Assets.xcassets */ = {isa = PBXFileReference; lastKnownFileType = folder.assetcatalog; path = Assets.xcassets; sourceTree = "<group>"; };
		FEF7E4E22751408100287473 /* Base */ = {isa = PBXFileReference; lastKnownFileType = file.storyboard; name = Base; path = Base.lproj/LaunchScreen.storyboard; sourceTree = "<group>"; };
		FEF7E4E42751408100287473 /* Info.plist */ = {isa = PBXFileReference; lastKnownFileType = text.plist.xml; path = Info.plist; sourceTree = "<group>"; };
		FEF7E4E92751408100287473 /* toDoTests.xctest */ = {isa = PBXFileReference; explicitFileType = wrapper.cfbundle; includeInIndex = 0; path = toDoTests.xctest; sourceTree = BUILT_PRODUCTS_DIR; };
		FEF7E4ED2751408100287473 /* toDoTests.swift */ = {isa = PBXFileReference; lastKnownFileType = sourcecode.swift; path = toDoTests.swift; sourceTree = "<group>"; };
		FEF7E4F32751408100287473 /* toDoUITests.xctest */ = {isa = PBXFileReference; explicitFileType = wrapper.cfbundle; includeInIndex = 0; path = toDoUITests.xctest; sourceTree = BUILT_PRODUCTS_DIR; };
		FEF7E4F72751408100287473 /* toDoUITests.swift */ = {isa = PBXFileReference; lastKnownFileType = sourcecode.swift; path = toDoUITests.swift; sourceTree = "<group>"; };
		FEF7E4F92751408100287473 /* toDoUITestsLaunchTests.swift */ = {isa = PBXFileReference; lastKnownFileType = sourcecode.swift; path = toDoUITestsLaunchTests.swift; sourceTree = "<group>"; };
/* End PBXFileReference section */

/* Begin PBXFrameworksBuildPhase section */
		FEF7E4D02751408000287473 /* Frameworks */ = {
			isa = PBXFrameworksBuildPhase;
			buildActionMask = 2147483647;
			files = (
			);
			runOnlyForDeploymentPostprocessing = 0;
		};
		FEF7E4E62751408100287473 /* Frameworks */ = {
			isa = PBXFrameworksBuildPhase;
			buildActionMask = 2147483647;
			files = (
			);
			runOnlyForDeploymentPostprocessing = 0;
		};
		FEF7E4F02751408100287473 /* Frameworks */ = {
			isa = PBXFrameworksBuildPhase;
			buildActionMask = 2147483647;
			files = (
			);
			runOnlyForDeploymentPostprocessing = 0;
		};
/* End PBXFrameworksBuildPhase section */

/* Begin PBXGroup section */
		FEF7E4CA2751408000287473 = {
			isa = PBXGroup;
			children = (
				FEF7E4D52751408000287473 /* toDo */,
				FEF7E4EC2751408100287473 /* toDoTests */,
				FEF7E4F62751408100287473 /* toDoUITests */,
				FEF7E4D42751408000287473 /* Products */,
			);
			sourceTree = "<group>";
		};
		FEF7E4D42751408000287473 /* Products */ = {
			isa = PBXGroup;
			children = (
				FEF7E4D32751408000287473 /* toDo.app */,
				FEF7E4E92751408100287473 /* toDoTests.xctest */,
				FEF7E4F32751408100287473 /* toDoUITests.xctest */,
			);
			name = Products;
			sourceTree = "<group>";
		};
		FEF7E4D52751408000287473 /* toDo */ = {
			isa = PBXGroup;
			children = (
				FEF7E4D62751408000287473 /* AppDelegate.swift */,
				FEF7E4D82751408000287473 /* SceneDelegate.swift */,
				FEF7E4DA2751408000287473 /* ViewController.swift */,
				FEF7E4DC2751408000287473 /* Main.storyboard */,
				FEF7E4DF2751408100287473 /* Assets.xcassets */,
				FEF7E4E12751408100287473 /* LaunchScreen.storyboard */,
				FEF7E4E42751408100287473 /* Info.plist */,
			);
			path = toDo;
			sourceTree = "<group>";
		};
		FEF7E4EC2751408100287473 /* toDoTests */ = {
			isa = PBXGroup;
			children = (
				FEF7E4ED2751408100287473 /* toDoTests.swift */,
			);
			path = toDoTests;
			sourceTree = "<group>";
		};
		FEF7E4F62751408100287473 /* toDoUITests */ = {
			isa = PBXGroup;
			children = (
				FEF7E4F72751408100287473 /* toDoUITests.swift */,
				FEF7E4F92751408100287473 /* toDoUITestsLaunchTests.swift */,
			);
			path = toDoUITests;
			sourceTree = "<group>";
		};
/* End PBXGroup section */

/* Begin PBXNativeTarget section */
		FEF7E4D22751408000287473 /* toDo */ = {
			isa = PBXNativeTarget;
			buildConfigurationList = FEF7E4FD2751408100287473 /* Build configuration list for PBXNativeTarget "toDo" */;
			buildPhases = (
				FEF7E4CF2751408000287473 /* Sources */,
				FEF7E4D02751408000287473 /* Frameworks */,
				FEF7E4D12751408000287473 /* Resources */,
			);
			buildRules = (
			);
			dependencies = (
			);
			name = toDo;
			productName = toDo;
			productReference = FEF7E4D32751408000287473 /* toDo.app */;
			productType = "com.apple.product-type.application";
		};
		FEF7E4E82751408100287473 /* toDoTests */ = {
			isa = PBXNativeTarget;
			buildConfigurationList = FEF7E5002751408100287473 /* Build configuration list for PBXNativeTarget "toDoTests" */;
			buildPhases = (
				FEF7E4E52751408100287473 /* Sources */,
				FEF7E4E62751408100287473 /* Frameworks */,
				FEF7E4E72751408100287473 /* Resources */,
			);
			buildRules = (
			);
			dependencies = (
				FEF7E4EB2751408100287473 /* PBXTargetDependency */,
			);
			name = toDoTests;
			productName = toDoTests;
			productReference = FEF7E4E92751408100287473 /* toDoTests.xctest */;
			productType = "com.apple.product-type.bundle.unit-test";
		};
		FEF7E4F22751408100287473 /* toDoUITests */ = {
			isa = PBXNativeTarget;
			buildConfigurationList = FEF7E5032751408100287473 /* Build configuration list for PBXNativeTarget "toDoUITests" */;
			buildPhases = (
				FEF7E4EF2751408100287473 /* Sources */,
				FEF7E4F02751408100287473 /* Frameworks */,
				FEF7E4F12751408100287473 /* Resources */,
			);
			buildRules = (
			);
			dependencies = (
				FEF7E4F52751408100287473 /* PBXTargetDependency */,
			);
			name = toDoUITests;
			productName = toDoUITests;
			productReference = FEF7E4F32751408100287473 /* toDoUITests.xctest */;
			productType = "com.apple.product-type.bundle.ui-testing";
		};
/* End PBXNativeTarget section */

/* Begin PBXProject section */
		FEF7E4CB2751408000287473 /* Project object */ = {
			isa = PBXProject;
			attributes = {
				BuildIndependentTargetsInParallel = 1;
				LastSwiftUpdateCheck = 1310;
				LastUpgradeCheck = 1310;
				TargetAttributes = {
					FEF7E4D22751408000287473 = {
						CreatedOnToolsVersion = 13.1;
					};
					FEF7E4E82751408100287473 = {
						CreatedOnToolsVersion = 13.1;
						TestTargetID = FEF7E4D22751408000287473;
					};
					FEF7E4F22751408100287473 = {
						CreatedOnToolsVersion = 13.1;
						TestTargetID = FEF7E4D22751408000287473;
					};
				};
			};
			buildConfigurationList = FEF7E4CE2751408000287473 /* Build configuration list for PBXProject "toDo" */;
			compatibilityVersion = "Xcode 13.0";
			developmentRegion = en;
			hasScannedForEncodings = 0;
			knownRegions = (
				en,
				Base,
			);
			mainGroup = FEF7E4CA2751408000287473;
			productRefGroup = FEF7E4D42751408000287473 /* Products */;
			projectDirPath = "";
			projectRoot = "";
			targets = (
				FEF7E4D22751408000287473 /* toDo */,
				FEF7E4E82751408100287473 /* toDoTests */,
				FEF7E4F22751408100287473 /* toDoUITests */,
			);
		};
/* End PBXProject section */

/* Begin PBXResourcesBuildPhase section */
		FEF7E4D12751408000287473 /* Resources */ = {
			isa = PBXResourcesBuildPhase;
			buildActionMask = 2147483647;
			files = (
				FEF7E4E32751408100287473 /* LaunchScreen.storyboard in Resources */,
				FEF7E4E02751408100287473 /* Assets.xcassets in Resources */,
				FEF7E4DE2751408000287473 /* Main.storyboard in Resources */,
			);
			runOnlyForDeploymentPostprocessing = 0;
		};
		FEF7E4E72751408100287473 /* Resources */ = {
			isa = PBXResourcesBuildPhase;
			buildActionMask = 2147483647;
			files = (
			);
			runOnlyForDeploymentPostprocessing = 0;
		};
		FEF7E4F12751408100287473 /* Resources */ = {
			isa = PBXResourcesBuildPhase;
			buildActionMask = 2147483647;
			files = (
			);
			runOnlyForDeploymentPostprocessing = 0;
		};
/* End PBXResourcesBuildPhase section */

/* Begin PBXSourcesBuildPhase section */
		FEF7E4CF2751408000287473 /* Sources */ = {
			isa = PBXSourcesBuildPhase;
			buildActionMask = 2147483647;
			files = (
				FEF7E4DB2751408000287473 /* ViewController.swift in Sources */,
				FEF7E4D72751408000287473 /* AppDelegate.swift in Sources */,
				FEF7E4D92751408000287473 /* SceneDelegate.swift in Sources */,
			);
			runOnlyForDeploymentPostprocessing = 0;
		};
		FEF7E4E52751408100287473 /* Sources */ = {
			isa = PBXSourcesBuildPhase;
			buildActionMask = 2147483647;
			files = (
				FEF7E4EE2751408100287473 /* toDoTests.swift in Sources */,
			);
			runOnlyForDeploymentPostprocessing = 0;
		};
		FEF7E4EF2751408100287473 /* Sources */ = {
			isa = PBXSourcesBuildPhase;
			buildActionMask = 2147483647;
			files = (
				FEF7E4FA2751408100287473 /* toDoUITestsLaunchTests.swift in Sources */,
				FEF7E4F82751408100287473 /* toDoUITests.swift in Sources */,
			);
			runOnlyForDeploymentPostprocessing = 0;
		};
/* End PBXSourcesBuildPhase section */

/* Begin PBXTargetDependency section */
		FEF7E4EB2751408100287473 /* PBXTargetDependency */ = {
			isa = PBXTargetDependency;
			target = FEF7E4D22751408000287473 /* toDo */;
			targetProxy = FEF7E4EA2751408100287473 /* PBXContainerItemProxy */;
		};
		FEF7E4F52751408100287473 /* PBXTargetDependency */ = {
			isa = PBXTargetDependency;
			target = FEF7E4D22751408000287473 /* toDo */;
			targetProxy = FEF7E4F42751408100287473 /* PBXContainerItemProxy */;
		};
/* End PBXTargetDependency section */

/* Begin PBXVariantGroup section */
		FEF7E4DC2751408000287473 /* Main.storyboard */ = {
			isa = PBXVariantGroup;
			children = (
				FEF7E4DD2751408000287473 /* Base */,
			);
			name = Main.storyboard;
			sourceTree = "<group>";
		};
		FEF7E4E12751408100287473 /* LaunchScreen.storyboard */ = {
			isa = PBXVariantGroup;
			children = (
				FEF7E4E22751408100287473 /* Base */,
			);
			name = LaunchScreen.storyboard;
			sourceTree = "<group>";
		};
/* End PBXVariantGroup section */

/* Begin XCBuildConfiguration section */
		FEF7E4FB2751408100287473 /* Debug */ = {
			isa = XCBuildConfiguration;
			buildSettings = {
				ALWAYS_SEARCH_USER_PATHS = NO;
				CLANG_ANALYZER_NONNULL = YES;
				CLANG_ANALYZER_NUMBER_OBJECT_CONVERSION = YES_AGGRESSIVE;
				CLANG_CXX_LANGUAGE_STANDARD = "gnu++17";
				CLANG_CXX_LIBRARY = "libc++";
				CLANG_ENABLE_MODULES = YES;
				CLANG_ENABLE_OBJC_ARC = YES;
				CLANG_ENABLE_OBJC_WEAK = YES;
				CLANG_WARN_BLOCK_CAPTURE_AUTORELEASING = YES;
				CLANG_WARN_BOOL_CONVERSION = YES;
				CLANG_WARN_COMMA = YES;
				CLANG_WARN_CONSTANT_CONVERSION = YES;
				CLANG_WARN_DEPRECATED_OBJC_IMPLEMENTATIONS = YES;
				CLANG_WARN_DIRECT_OBJC_ISA_USAGE = YES_ERROR;
				CLANG_WARN_DOCUMENTATION_COMMENTS = YES;
				CLANG_WARN_EMPTY_BODY = YES;
				CLANG_WARN_ENUM_CONVERSION = YES;
				CLANG_WARN_INFINITE_RECURSION = YES;
				CLANG_WARN_INT_CONVERSION = YES;
				CLANG_WARN_NON_LITERAL_NULL_CONVERSION = YES;
				CLANG_WARN_OBJC_IMPLICIT_RETAIN_SELF = YES;
				CLANG_WARN_OBJC_LITERAL_CONVERSION = YES;
				CLANG_WARN_OBJC_ROOT_CLASS = YES_ERROR;
				CLANG_WARN_QUOTED_INCLUDE_IN_FRAMEWORK_HEADER = YES;
				CLANG_WARN_RANGE_LOOP_ANALYSIS = YES;
				CLANG_WARN_STRICT_PROTOTYPES = YES;
				CLANG_WARN_SUSPICIOUS_MOVE = YES;
				CLANG_WARN_UNGUARDED_AVAILABILITY = YES_AGGRESSIVE;
				CLANG_WARN_UNREACHABLE_CODE = YES;
				CLANG_WARN__DUPLICATE_METHOD_MATCH = YES;
				COPY_PHASE_STRIP = NO;
				DEBUG_INFORMATION_FORMAT = dwarf;
				ENABLE_STRICT_OBJC_MSGSEND = YES;
				ENABLE_TESTABILITY = YES;
				GCC_C_LANGUAGE_STANDARD = gnu11;
				GCC_DYNAMIC_NO_PIC = NO;
				GCC_NO_COMMON_BLOCKS = YES;
				GCC_OPTIMIZATION_LEVEL = 0;
				GCC_PREPROCESSOR_DEFINITIONS = (
					"DEBUG=1",
					"$(inherited)",
				);
				GCC_WARN_64_TO_32_BIT_CONVERSION = YES;
				GCC_WARN_ABOUT_RETURN_TYPE = YES_ERROR;
				GCC_WARN_UNDECLARED_SELECTOR = YES;
				GCC_WARN_UNINITIALIZED_AUTOS = YES_AGGRESSIVE;
				GCC_WARN_UNUSED_FUNCTION = YES;
				GCC_WARN_UNUSED_VARIABLE = YES;
				IPHONEOS_DEPLOYMENT_TARGET = 15.0;
				MTL_ENABLE_DEBUG_INFO = INCLUDE_SOURCE;
				MTL_FAST_MATH = YES;
				ONLY_ACTIVE_ARCH = YES;
				SDKROOT = iphoneos;
				SWIFT_ACTIVE_COMPILATION_CONDITIONS = DEBUG;
				SWIFT_OPTIMIZATION_LEVEL = "-Onone";
			};
			name = Debug;
		};
		FEF7E4FC2751408100287473 /* Release */ = {
			isa = XCBuildConfiguration;
			buildSettings = {
				ALWAYS_SEARCH_USER_PATHS = NO;
				CLANG_ANALYZER_NONNULL = YES;
				CLANG_ANALYZER_NUMBER_OBJECT_CONVERSION = YES_AGGRESSIVE;
				CLANG_CXX_LANGUAGE_STANDARD = "gnu++17";
				CLANG_CXX_LIBRARY = "libc++";
				CLANG_ENABLE_MODULES = YES;
				CLANG_ENABLE_OBJC_ARC = YES;
				CLANG_ENABLE_OBJC_WEAK = YES;
				CLANG_WARN_BLOCK_CAPTURE_AUTORELEASING = YES;
				CLANG_WARN_BOOL_CONVERSION = YES;
				CLANG_WARN_COMMA = YES;
				CLANG_WARN_CONSTANT_CONVERSION = YES;
				CLANG_WARN_DEPRECATED_OBJC_IMPLEMENTATIONS = YES;
				CLANG_WARN_DIRECT_OBJC_ISA_USAGE = YES_ERROR;
				CLANG_WARN_DOCUMENTATION_COMMENTS = YES;
				CLANG_WARN_EMPTY_BODY = YES;
				CLANG_WARN_ENUM_CONVERSION = YES;
				CLANG_WARN_INFINITE_RECURSION = YES;
				CLANG_WARN_INT_CONVERSION = YES;
				CLANG_WARN_NON_LITERAL_NULL_CONVERSION = YES;
				CLANG_WARN_OBJC_IMPLICIT_RETAIN_SELF = YES;
				CLANG_WARN_OBJC_LITERAL_CONVERSION = YES;
				CLANG_WARN_OBJC_ROOT_CLASS = YES_ERROR;
				CLANG_WARN_QUOTED_INCLUDE_IN_FRAMEWORK_HEADER = YES;
				CLANG_WARN_RANGE_LOOP_ANALYSIS = YES;
				CLANG_WARN_STRICT_PROTOTYPES = YES;
				CLANG_WARN_SUSPICIOUS_MOVE = YES;
				CLANG_WARN_UNGUARDED_AVAILABILITY = YES_AGGRESSIVE;
				CLANG_WARN_UNREACHABLE_CODE = YES;
				CLANG_WARN__DUPLICATE_METHOD_MATCH = YES;
				COPY_PHASE_STRIP = NO;
				DEBUG_INFORMATION_FORMAT = "dwarf-with-dsym";
				ENABLE_NS_ASSERTIONS = NO;
				ENABLE_STRICT_OBJC_MSGSEND = YES;
				GCC_C_LANGUAGE_STANDARD = gnu11;
				GCC_NO_COMMON_BLOCKS = YES;
				GCC_WARN_64_TO_32_BIT_CONVERSION = YES;
				GCC_WARN_ABOUT_RETURN_TYPE = YES_ERROR;
				GCC_WARN_UNDECLARED_SELECTOR = YES;
				GCC_WARN_UNINITIALIZED_AUTOS = YES_AGGRESSIVE;
				GCC_WARN_UNUSED_FUNCTION = YES;
				GCC_WARN_UNUSED_VARIABLE = YES;
				IPHONEOS_DEPLOYMENT_TARGET = 15.0;
				MTL_ENABLE_DEBUG_INFO = NO;
				MTL_FAST_MATH = YES;
				SDKROOT = iphoneos;
				SWIFT_COMPILATION_MODE = wholemodule;
				SWIFT_OPTIMIZATION_LEVEL = "-O";
				VALIDATE_PRODUCT = YES;
			};
			name = Release;
		};
		FEF7E4FE2751408100287473 /* Debug */ = {
			isa = XCBuildConfiguration;
			buildSettings = {
				ASSETCATALOG_COMPILER_APPICON_NAME = AppIcon;
				ASSETCATALOG_COMPILER_GLOBAL_ACCENT_COLOR_NAME = AccentColor;
				CODE_SIGN_STYLE = Automatic;
				CURRENT_PROJECT_VERSION = 1;
				DEVELOPMENT_TEAM = WT2L96TJR4;
				GENERATE_INFOPLIST_FILE = YES;
				INFOPLIST_FILE = toDo/Info.plist;
				INFOPLIST_KEY_UIApplicationSupportsIndirectInputEvents = YES;
				INFOPLIST_KEY_UILaunchStoryboardName = LaunchScreen;
				INFOPLIST_KEY_UIMainStoryboardFile = Main;
				INFOPLIST_KEY_UISupportedInterfaceOrientations_iPad = "UIInterfaceOrientationPortrait UIInterfaceOrientationPortraitUpsideDown UIInterfaceOrientationLandscapeLeft UIInterfaceOrientationLandscapeRight";
				INFOPLIST_KEY_UISupportedInterfaceOrientations_iPhone = "UIInterfaceOrientationPortrait UIInterfaceOrientationLandscapeLeft UIInterfaceOrientationLandscapeRight";
				LD_RUNPATH_SEARCH_PATHS = (
					"$(inherited)",
					"@executable_path/Frameworks",
				);
				MARKETING_VERSION = 1.0;
				PRODUCT_BUNDLE_IDENTIFIER = "home-sweet-home.toDo";
				PRODUCT_NAME = "$(TARGET_NAME)";
				SWIFT_EMIT_LOC_STRINGS = YES;
				SWIFT_VERSION = 5.0;
				TARGETED_DEVICE_FAMILY = "1,2";
			};
			name = Debug;
		};
		FEF7E4FF2751408100287473 /* Release */ = {
			isa = XCBuildConfiguration;
			buildSettings = {
				ASSETCATALOG_COMPILER_APPICON_NAME = AppIcon;
				ASSETCATALOG_COMPILER_GLOBAL_ACCENT_COLOR_NAME = AccentColor;
				CODE_SIGN_STYLE = Automatic;
				CURRENT_PROJECT_VERSION = 1;
				DEVELOPMENT_TEAM = WT2L96TJR4;
				GENERATE_INFOPLIST_FILE = YES;
				INFOPLIST_FILE = toDo/Info.plist;
				INFOPLIST_KEY_UIApplicationSupportsIndirectInputEvents = YES;
				INFOPLIST_KEY_UILaunchStoryboardName = LaunchScreen;
				INFOPLIST_KEY_UIMainStoryboardFile = Main;
				INFOPLIST_KEY_UISupportedInterfaceOrientations_iPad = "UIInterfaceOrientationPortrait UIInterfaceOrientationPortraitUpsideDown UIInterfaceOrientationLandscapeLeft UIInterfaceOrientationLandscapeRight";
				INFOPLIST_KEY_UISupportedInterfaceOrientations_iPhone = "UIInterfaceOrientationPortrait UIInterfaceOrientationLandscapeLeft UIInterfaceOrientationLandscapeRight";
				LD_RUNPATH_SEARCH_PATHS = (
					"$(inherited)",
					"@executable_path/Frameworks",
				);
				MARKETING_VERSION = 1.0;
				PRODUCT_BUNDLE_IDENTIFIER = "home-sweet-home.toDo";
				PRODUCT_NAME = "$(TARGET_NAME)";
				SWIFT_EMIT_LOC_STRINGS = YES;
				SWIFT_VERSION = 5.0;
				TARGETED_DEVICE_FAMILY = "1,2";
			};
			name = Release;
		};
		FEF7E5012751408100287473 /* Debug */ = {
			isa = XCBuildConfiguration;
			buildSettings = {
				ALWAYS_EMBED_SWIFT_STANDARD_LIBRARIES = YES;
				BUNDLE_LOADER = "$(TEST_HOST)";
				CODE_SIGN_STYLE = Automatic;
				CURRENT_PROJECT_VERSION = 1;
				DEVELOPMENT_TEAM = WT2L96TJR4;
				GENERATE_INFOPLIST_FILE = YES;
				IPHONEOS_DEPLOYMENT_TARGET = 15.0;
				LD_RUNPATH_SEARCH_PATHS = (
					"$(inherited)",
					"@executable_path/Frameworks",
					"@loader_path/Frameworks",
				);
				MARKETING_VERSION = 1.0;
				PRODUCT_BUNDLE_IDENTIFIER = "home-sweet-home.toDoTests";
				PRODUCT_NAME = "$(TARGET_NAME)";
				SWIFT_EMIT_LOC_STRINGS = NO;
				SWIFT_VERSION = 5.0;
				TARGETED_DEVICE_FAMILY = "1,2";
				TEST_HOST = "$(BUILT_PRODUCTS_DIR)/toDo.app/toDo";
			};
			name = Debug;
		};
		FEF7E5022751408100287473 /* Release */ = {
			isa = XCBuildConfiguration;
			buildSettings = {
				ALWAYS_EMBED_SWIFT_STANDARD_LIBRARIES = YES;
				BUNDLE_LOADER = "$(TEST_HOST)";
				CODE_SIGN_STYLE = Automatic;
				CURRENT_PROJECT_VERSION = 1;
				DEVELOPMENT_TEAM = WT2L96TJR4;
				GENERATE_INFOPLIST_FILE = YES;
				IPHONEOS_DEPLOYMENT_TARGET = 15.0;
				LD_RUNPATH_SEARCH_PATHS = (
					"$(inherited)",
					"@executable_path/Frameworks",
					"@loader_path/Frameworks",
				);
				MARKETING_VERSION = 1.0;
				PRODUCT_BUNDLE_IDENTIFIER = "home-sweet-home.toDoTests";
				PRODUCT_NAME = "$(TARGET_NAME)";
				SWIFT_EMIT_LOC_STRINGS = NO;
				SWIFT_VERSION = 5.0;
				TARGETED_DEVICE_FAMILY = "1,2";
				TEST_HOST = "$(BUILT_PRODUCTS_DIR)/toDo.app/toDo";
			};
			name = Release;
		};
		FEF7E5042751408100287473 /* Debug */ = {
			isa = XCBuildConfiguration;
			buildSettings = {
				ALWAYS_EMBED_SWIFT_STANDARD_LIBRARIES = YES;
				CODE_SIGN_STYLE = Automatic;
				CURRENT_PROJECT_VERSION = 1;
				DEVELOPMENT_TEAM = WT2L96TJR4;
				GENERATE_INFOPLIST_FILE = YES;
				LD_RUNPATH_SEARCH_PATHS = (
					"$(inherited)",
					"@executable_path/Frameworks",
					"@loader_path/Frameworks",
				);
				MARKETING_VERSION = 1.0;
				PRODUCT_BUNDLE_IDENTIFIER = "home-sweet-home.toDoUITests";
				PRODUCT_NAME = "$(TARGET_NAME)";
				SWIFT_EMIT_LOC_STRINGS = NO;
				SWIFT_VERSION = 5.0;
				TARGETED_DEVICE_FAMILY = "1,2";
				TEST_TARGET_NAME = toDo;
			};
			name = Debug;
		};
		FEF7E5052751408100287473 /* Release */ = {
			isa = XCBuildConfiguration;
			buildSettings = {
				ALWAYS_EMBED_SWIFT_STANDARD_LIBRARIES = YES;
				CODE_SIGN_STYLE = Automatic;
				CURRENT_PROJECT_VERSION = 1;
				DEVELOPMENT_TEAM = WT2L96TJR4;
				GENERATE_INFOPLIST_FILE = YES;
				LD_RUNPATH_SEARCH_PATHS = (
					"$(inherited)",
					"@executable_path/Frameworks",
					"@loader_path/Frameworks",
				);
				MARKETING_VERSION = 1.0;
				PRODUCT_BUNDLE_IDENTIFIER = "home-sweet-home.toDoUITests";
				PRODUCT_NAME = "$(TARGET_NAME)";
				SWIFT_EMIT_LOC_STRINGS = NO;
				SWIFT_VERSION = 5.0;
				TARGETED_DEVICE_FAMILY = "1,2";
				TEST_TARGET_NAME = toDo;
			};
			name = Release;
		};
/* End XCBuildConfiguration section */

/* Begin XCConfigurationList section */
		FEF7E4CE2751408000287473 /* Build configuration list for PBXProject "toDo" */ = {
			isa = XCConfigurationList;
			buildConfigurations = (
				FEF7E4FB2751408100287473 /* Debug */,
				FEF7E4FC2751408100287473 /* Release */,
			);
			defaultConfigurationIsVisible = 0;
			defaultConfigurationName = Release;
		};
		FEF7E4FD2751408100287473 /* Build configuration list for PBXNativeTarget "toDo" */ = {
			isa = XCConfigurationList;
			buildConfigurations = (
				FEF7E4FE2751408100287473 /* Debug */,
				FEF7E4FF2751408100287473 /* Release */,
			);
			defaultConfigurationIsVisible = 0;
			defaultConfigurationName = Release;
		};
		FEF7E5002751408100287473 /* Build configuration list for PBXNativeTarget "toDoTests" */ = {
			isa = XCConfigurationList;
			buildConfigurations = (
				FEF7E5012751408100287473 /* Debug */,
				FEF7E5022751408100287473 /* Release */,
			);
			defaultConfigurationIsVisible = 0;
			defaultConfigurationName = Release;
		};
		FEF7E5032751408100287473 /* Build configuration list for PBXNativeTarget "toDoUITests" */ = {
			isa = XCConfigurationList;
			buildConfigurations = (
				FEF7E5042751408100287473 /* Debug */,
				FEF7E5052751408100287473 /* Release */,
			);
			defaultConfigurationIsVisible = 0;
			defaultConfigurationName = Release;
		};
/* End XCConfigurationList section */
	};
	rootObject = FEF7E4CB2751408000287473 /* Project object */;
}
